
Microsoft Visual Studio Solution File, Format Version 12.00
# Visual Studio Version 17
VisualStudioVersion = 17.5.33516.290
MinimumVisualStudioVersion = 10.0.40219.1
Project("{FAE04EC0-301F-11D3-BF4B-00C04F79EFBC}") = "ex01", "lista1\ex01.csproj", "{D34DE2E6-003A-4113-900B-6F797473D4EA}"
EndProject
Project("{FAE04EC0-301F-11D3-BF4B-00C04F79EFBC}") = "ex02", "ex2\ex02.csproj", "{26BBE1A1-1D6C-4466-BA07-8E544084210A}"
EndProject
Project("{FAE04EC0-301F-11D3-BF4B-00C04F79EFBC}") = "ex03", "ex3\ex03.csproj", "{94BC4E52-3C53-46CF-A967-B8D65CEDF18F}"
EndProject
Project("{FAE04EC0-301F-11D3-BF4B-00C04F79EFBC}") = "ex04", "ex4\ex04.csproj", "{813A525E-0EDC-4F2A-A306-683100A8F64A}"
EndProject
Project("{FAE04EC0-301F-11D3-BF4B-00C04F79EFBC}") = "ex05", "ex5\ex05.csproj", "{29CF3513-F622-42DD-A592-DF1C9F36AD09}"
EndProject
Project("{FAE04EC0-301F-11D3-BF4B-00C04F79EFBC}") = "ex06", "ex6\ex06.csproj", "{C9535D0C-9BC8-4784-8F0F-0CB17EE5EE0C}"
EndProject
Project("{FAE04EC0-301F-11D3-BF4B-00C04F79EFBC}") = "ex07", "ex7\ex07.csproj", "{AAA98046-3130-460E-8674-635315071C84}"
EndProject
Project("{FAE04EC0-301F-11D3-BF4B-00C04F79EFBC}") = "ex08", "ex8\ex08.csproj", "{6FECE9EC-EBEE-4E02-901B-A9AC05D26B3E}"
EndProject
Project("{FAE04EC0-301F-11D3-BF4B-00C04F79EFBC}") = "ex10", "ex10\ex10.csproj", "{F58C001C-B017-4F3E-9783-D9A5BEB4E7D8}"
EndProject
Project("{FAE04EC0-301F-11D3-BF4B-00C04F79EFBC}") = "ex11", "exonze\ex11.csproj", "{F5D40065-E03D-46AF-B0AE-B4B094CD7A79}"
EndProject
Project("{FAE04EC0-301F-11D3-BF4B-00C04F79EFBC}") = "ex12", "ex12\ex12.csproj", "{FDCBE767-0610-477A-A5A8-CED787A555D1}"
EndProject
Project("{FAE04EC0-301F-11D3-BF4B-00C04F79EFBC}") = "ex13", "ex13\ex13.csproj", "{3B5F41F5-6C71-403E-9C09-2D84C1A4B5F9}"
EndProject
Project("{FAE04EC0-301F-11D3-BF4B-00C04F79EFBC}") = "ex14", "ex14\ex14.csproj", "{4641F5EE-77DA-49D3-B007-78C4A743B855}"
EndProject
Project("{FAE04EC0-301F-11D3-BF4B-00C04F79EFBC}") = "ex15", "ex15\ex15.csproj", "{2D49BA70-C0D9-4E46-ACC8-1308BBC3CA8B}"
EndProject
Project("{FAE04EC0-301F-11D3-BF4B-00C04F79EFBC}") = "ex16", "ex16\ex16.csproj", "{4662F3B7-C169-43D1-9CD7-CC9695FC948F}"
EndProject
Project("{FAE04EC0-301F-11D3-BF4B-00C04F79EFBC}") = "ex17", "ex17\ex17.csproj", "{7B3FCA12-5FE0-496F-88F6-072C5246ED1B}"
EndProject
Project("{FAE04EC0-301F-11D3-BF4B-00C04F79EFBC}") = "ex18", "ex18\ex18.csproj", "{2D46A987-5780-4828-9296-27DF75C99397}"
EndProject
Project("{FAE04EC0-301F-11D3-BF4B-00C04F79EFBC}") = "ex19", "ex19\ex19.csproj", "{6C927150-5164-4CE2-9469-76C125BAA68D}"
EndProject
Project("{FAE04EC0-301F-11D3-BF4B-00C04F79EFBC}") = "ex20", "ex20\ex20.csproj", "{71FE60D6-E0F3-413B-B230-FDD39C6A258A}"
EndProject
Project("{FAE04EC0-301F-11D3-BF4B-00C04F79EFBC}") = "ex09", "ex09\ex09.csproj", "{14C68674-6BE2-4A1F-BE0A-48BFF9D94845}"
EndProject
Project("{FAE04EC0-301F-11D3-BF4B-00C04F79EFBC}") = "ex21", "ex21\ex21.csproj", "{E7DD4F6F-8013-42ED-AF77-DD11A0C3B44F}"
EndProject
Global
	GlobalSection(SolutionConfigurationPlatforms) = preSolution
		Debug|Any CPU = Debug|Any CPU
		Release|Any CPU = Release|Any CPU
	EndGlobalSection
	GlobalSection(ProjectConfigurationPlatforms) = postSolution
		{D34DE2E6-003A-4113-900B-6F797473D4EA}.Debug|Any CPU.ActiveCfg = Debug|Any CPU
		{D34DE2E6-003A-4113-900B-6F797473D4EA}.Debug|Any CPU.Build.0 = Debug|Any CPU
		{D34DE2E6-003A-4113-900B-6F797473D4EA}.Release|Any CPU.ActiveCfg = Release|Any CPU
		{D34DE2E6-003A-4113-900B-6F797473D4EA}.Release|Any CPU.Build.0 = Release|Any CPU
		{26BBE1A1-1D6C-4466-BA07-8E544084210A}.Debug|Any CPU.ActiveCfg = Debug|Any CPU
		{26BBE1A1-1D6C-4466-BA07-8E544084210A}.Debug|Any CPU.Build.0 = Debug|Any CPU
		{26BBE1A1-1D6C-4466-BA07-8E544084210A}.Release|Any CPU.ActiveCfg = Release|Any CPU
		{26BBE1A1-1D6C-4466-BA07-8E544084210A}.Release|Any CPU.Build.0 = Release|Any CPU
		{94BC4E52-3C53-46CF-A967-B8D65CEDF18F}.Debug|Any CPU.ActiveCfg = Debug|Any CPU
		{94BC4E52-3C53-46CF-A967-B8D65CEDF18F}.Debug|Any CPU.Build.0 = Debug|Any CPU
		{94BC4E52-3C53-46CF-A967-B8D65CEDF18F}.Release|Any CPU.ActiveCfg = Release|Any CPU
		{94BC4E52-3C53-46CF-A967-B8D65CEDF18F}.Release|Any CPU.Build.0 = Release|Any CPU
		{813A525E-0EDC-4F2A-A306-683100A8F64A}.Debug|Any CPU.ActiveCfg = Debug|Any CPU
		{813A525E-0EDC-4F2A-A306-683100A8F64A}.Debug|Any CPU.Build.0 = Debug|Any CPU
		{813A525E-0EDC-4F2A-A306-683100A8F64A}.Release|Any CPU.ActiveCfg = Release|Any CPU
		{813A525E-0EDC-4F2A-A306-683100A8F64A}.Release|Any CPU.Build.0 = Release|Any CPU
		{29CF3513-F622-42DD-A592-DF1C9F36AD09}.Debug|Any CPU.ActiveCfg = Debug|Any CPU
		{29CF3513-F622-42DD-A592-DF1C9F36AD09}.Debug|Any CPU.Build.0 = Debug|Any CPU
		{29CF3513-F622-42DD-A592-DF1C9F36AD09}.Release|Any CPU.ActiveCfg = Release|Any CPU
		{29CF3513-F622-42DD-A592-DF1C9F36AD09}.Release|Any CPU.Build.0 = Release|Any CPU
		{C9535D0C-9BC8-4784-8F0F-0CB17EE5EE0C}.Debug|Any CPU.ActiveCfg = Debug|Any CPU
		{C9535D0C-9BC8-4784-8F0F-0CB17EE5EE0C}.Debug|Any CPU.Build.0 = Debug|Any CPU
		{C9535D0C-9BC8-4784-8F0F-0CB17EE5EE0C}.Release|Any CPU.ActiveCfg = Release|Any CPU
		{C9535D0C-9BC8-4784-8F0F-0CB17EE5EE0C}.Release|Any CPU.Build.0 = Release|Any CPU
		{AAA98046-3130-460E-8674-635315071C84}.Debug|Any CPU.ActiveCfg = Debug|Any CPU
		{AAA98046-3130-460E-8674-635315071C84}.Debug|Any CPU.Build.0 = Debug|Any CPU
		{AAA98046-3130-460E-8674-635315071C84}.Release|Any CPU.ActiveCfg = Release|Any CPU
		{AAA98046-3130-460E-8674-635315071C84}.Release|Any CPU.Build.0 = Release|Any CPU
		{6FECE9EC-EBEE-4E02-901B-A9AC05D26B3E}.Debug|Any CPU.ActiveCfg = Debug|Any CPU
		{6FECE9EC-EBEE-4E02-901B-A9AC05D26B3E}.Debug|Any CPU.Build.0 = Debug|Any CPU
		{6FECE9EC-EBEE-4E02-901B-A9AC05D26B3E}.Release|Any CPU.ActiveCfg = Release|Any CPU
		{6FECE9EC-EBEE-4E02-901B-A9AC05D26B3E}.Release|Any CPU.Build.0 = Release|Any CPU
		{F58C001C-B017-4F3E-9783-D9A5BEB4E7D8}.Debug|Any CPU.ActiveCfg = Debug|Any CPU
		{F58C001C-B017-4F3E-9783-D9A5BEB4E7D8}.Debug|Any CPU.Build.0 = Debug|Any CPU
		{F58C001C-B017-4F3E-9783-D9A5BEB4E7D8}.Release|Any CPU.ActiveCfg = Release|Any CPU
		{F58C001C-B017-4F3E-9783-D9A5BEB4E7D8}.Release|Any CPU.Build.0 = Release|Any CPU
		{F5D40065-E03D-46AF-B0AE-B4B094CD7A79}.Debug|Any CPU.ActiveCfg = Debug|Any CPU
		{F5D40065-E03D-46AF-B0AE-B4B094CD7A79}.Debug|Any CPU.Build.0 = Debug|Any CPU
		{F5D40065-E03D-46AF-B0AE-B4B094CD7A79}.Release|Any CPU.ActiveCfg = Release|Any CPU
		{F5D40065-E03D-46AF-B0AE-B4B094CD7A79}.Release|Any CPU.Build.0 = Release|Any CPU
		{FDCBE767-0610-477A-A5A8-CED787A555D1}.Debug|Any CPU.ActiveCfg = Debug|Any CPU
		{FDCBE767-0610-477A-A5A8-CED787A555D1}.Debug|Any CPU.Build.0 = Debug|Any CPU
		{FDCBE767-0610-477A-A5A8-CED787A555D1}.Release|Any CPU.ActiveCfg = Release|Any CPU
		{FDCBE767-0610-477A-A5A8-CED787A555D1}.Release|Any CPU.Build.0 = Release|Any CPU
		{3B5F41F5-6C71-403E-9C09-2D84C1A4B5F9}.Debug|Any CPU.ActiveCfg = Debug|Any CPU
		{3B5F41F5-6C71-403E-9C09-2D84C1A4B5F9}.Debug|Any CPU.Build.0 = Debug|Any CPU
		{3B5F41F5-6C71-403E-9C09-2D84C1A4B5F9}.Release|Any CPU.ActiveCfg = Release|Any CPU
		{3B5F41F5-6C71-403E-9C09-2D84C1A4B5F9}.Release|Any CPU.Build.0 = Release|Any CPU
		{4641F5EE-77DA-49D3-B007-78C4A743B855}.Debug|Any CPU.ActiveCfg = Debug|Any CPU
		{4641F5EE-77DA-49D3-B007-78C4A743B855}.Debug|Any CPU.Build.0 = Debug|Any CPU
		{4641F5EE-77DA-49D3-B007-78C4A743B855}.Release|Any CPU.ActiveCfg = Release|Any CPU
		{4641F5EE-77DA-49D3-B007-78C4A743B855}.Release|Any CPU.Build.0 = Release|Any CPU
		{2D49BA70-C0D9-4E46-ACC8-1308BBC3CA8B}.Debug|Any CPU.ActiveCfg = Debug|Any CPU
		{2D49BA70-C0D9-4E46-ACC8-1308BBC3CA8B}.Debug|Any CPU.Build.0 = Debug|Any CPU
		{2D49BA70-C0D9-4E46-ACC8-1308BBC3CA8B}.Release|Any CPU.ActiveCfg = Release|Any CPU
		{2D49BA70-C0D9-4E46-ACC8-1308BBC3CA8B}.Release|Any CPU.Build.0 = Release|Any CPU
		{4662F3B7-C169-43D1-9CD7-CC9695FC948F}.Debug|Any CPU.ActiveCfg = Debug|Any CPU
		{4662F3B7-C169-43D1-9CD7-CC9695FC948F}.Debug|Any CPU.Build.0 = Debug|Any CPU
		{4662F3B7-C169-43D1-9CD7-CC9695FC948F}.Release|Any CPU.ActiveCfg = Release|Any CPU
		{4662F3B7-C169-43D1-9CD7-CC9695FC948F}.Release|Any CPU.Build.0 = Release|Any CPU
		{7B3FCA12-5FE0-496F-88F6-072C5246ED1B}.Debug|Any CPU.ActiveCfg = Debug|Any CPU
		{7B3FCA12-5FE0-496F-88F6-072C5246ED1B}.Debug|Any CPU.Build.0 = Debug|Any CPU
		{7B3FCA12-5FE0-496F-88F6-072C5246ED1B}.Release|Any CPU.ActiveCfg = Release|Any CPU
		{7B3FCA12-5FE0-496F-88F6-072C5246ED1B}.Release|Any CPU.Build.0 = Release|Any CPU
		{2D46A987-5780-4828-9296-27DF75C99397}.Debug|Any CPU.ActiveCfg = Debug|Any CPU
		{2D46A987-5780-4828-9296-27DF75C99397}.Debug|Any CPU.Build.0 = Debug|Any CPU
		{2D46A987-5780-4828-9296-27DF75C99397}.Release|Any CPU.ActiveCfg = Release|Any CPU
		{2D46A987-5780-4828-9296-27DF75C99397}.Release|Any CPU.Build.0 = Release|Any CPU
		{6C927150-5164-4CE2-9469-76C125BAA68D}.Debug|Any CPU.ActiveCfg = Debug|Any CPU
		{6C927150-5164-4CE2-9469-76C125BAA68D}.Debug|Any CPU.Build.0 = Debug|Any CPU
		{6C927150-5164-4CE2-9469-76C125BAA68D}.Release|Any CPU.ActiveCfg = Release|Any CPU
		{6C927150-5164-4CE2-9469-76C125BAA68D}.Release|Any CPU.Build.0 = Release|Any CPU
		{71FE60D6-E0F3-413B-B230-FDD39C6A258A}.Debug|Any CPU.ActiveCfg = Debug|Any CPU
		{71FE60D6-E0F3-413B-B230-FDD39C6A258A}.Debug|Any CPU.Build.0 = Debug|Any CPU
		{71FE60D6-E0F3-413B-B230-FDD39C6A258A}.Release|Any CPU.ActiveCfg = Release|Any CPU
		{71FE60D6-E0F3-413B-B230-FDD39C6A258A}.Release|Any CPU.Build.0 = Release|Any CPU
		{14C68674-6BE2-4A1F-BE0A-48BFF9D94845}.Debug|Any CPU.ActiveCfg = Debug|Any CPU
		{14C68674-6BE2-4A1F-BE0A-48BFF9D94845}.Debug|Any CPU.Build.0 = Debug|Any CPU
		{14C68674-6BE2-4A1F-BE0A-48BFF9D94845}.Release|Any CPU.ActiveCfg = Release|Any CPU
		{14C68674-6BE2-4A1F-BE0A-48BFF9D94845}.Release|Any CPU.Build.0 = Release|Any CPU
		{E7DD4F6F-8013-42ED-AF77-DD11A0C3B44F}.Debug|Any CPU.ActiveCfg = Debug|Any CPU
		{E7DD4F6F-8013-42ED-AF77-DD11A0C3B44F}.Debug|Any CPU.Build.0 = Debug|Any CPU
		{E7DD4F6F-8013-42ED-AF77-DD11A0C3B44F}.Release|Any CPU.ActiveCfg = Release|Any CPU
		{E7DD4F6F-8013-42ED-AF77-DD11A0C3B44F}.Release|Any CPU.Build.0 = Release|Any CPU
	EndGlobalSection
	GlobalSection(SolutionProperties) = preSolution
		HideSolutionNode = FALSE
	EndGlobalSection
	GlobalSection(ExtensibilityGlobals) = postSolution
		SolutionGuid = {686702C8-B0A2-4834-830C-EDBAFC019BD6}
	EndGlobalSection
EndGlobal
