
Microsoft Visual Studio Solution File, Format Version 12.00
# Visual Studio Version 17
VisualStudioVersion = 17.5.33516.290
MinimumVisualStudioVersion = 10.0.40219.1
Project("{FAE04EC0-301F-11D3-BF4B-00C04F79EFBC}") = "01", "01\01.csproj", "{89AE158B-292F-4AEE-9E17-A861407B0C0D}"
EndProject
Project("{FAE04EC0-301F-11D3-BF4B-00C04F79EFBC}") = "02", "02\02.csproj", "{2D83388D-5DF2-4B72-A416-359149268665}"
EndProject
Project("{FAE04EC0-301F-11D3-BF4B-00C04F79EFBC}") = "03", "03\03.csproj", "{7842A34D-F23C-42B3-AB26-7BEEE5C86526}"
EndProject
Project("{FAE04EC0-301F-11D3-BF4B-00C04F79EFBC}") = "04", "04\04.csproj", "{8B7096F2-C0F9-4D9C-BAB1-717CA883E75A}"
EndProject
Project("{FAE04EC0-301F-11D3-BF4B-00C04F79EFBC}") = "05", "05\05.csproj", "{1113FBB1-243E-4A23-BD43-8CE1C4FE1B49}"
EndProject
Project("{FAE04EC0-301F-11D3-BF4B-00C04F79EFBC}") = "06", "06\06.csproj", "{FE440DCA-B591-47B3-B85D-122E2D90A6B5}"
EndProject
Project("{FAE04EC0-301F-11D3-BF4B-00C04F79EFBC}") = "07", "07\07.csproj", "{AA4208C5-980D-4747-8434-CB2FCDADD7A3}"
EndProject
Project("{FAE04EC0-301F-11D3-BF4B-00C04F79EFBC}") = "08", "08\08.csproj", "{E2AF2E53-FBED-4805-98CB-14027DBADE0F}"
EndProject
Project("{FAE04EC0-301F-11D3-BF4B-00C04F79EFBC}") = "09", "09\09.csproj", "{044649E2-A630-4720-A517-A577287D5639}"
EndProject
Project("{FAE04EC0-301F-11D3-BF4B-00C04F79EFBC}") = "10", "10\10.csproj", "{1B9D184E-46F0-4B0E-BA1D-43103141E7DE}"
EndProject
Project("{FAE04EC0-301F-11D3-BF4B-00C04F79EFBC}") = "11", "11\11.csproj", "{D26B221D-5FB5-4C2D-B066-83FF9C82BF0D}"
EndProject
Project("{FAE04EC0-301F-11D3-BF4B-00C04F79EFBC}") = "12", "12\12.csproj", "{F77A4E4D-7C83-47FC-86B8-CB59FA816DB5}"
EndProject
Project("{FAE04EC0-301F-11D3-BF4B-00C04F79EFBC}") = "13", "13\13.csproj", "{D610E502-0A65-49E3-84C6-43BEB8D810E4}"
EndProject
Project("{FAE04EC0-301F-11D3-BF4B-00C04F79EFBC}") = "201", "201\201.csproj", "{E62C62F6-A202-41D4-ABD2-E73047A10D1E}"
EndProject
Project("{FAE04EC0-301F-11D3-BF4B-00C04F79EFBC}") = "202", "202\202.csproj", "{E71AAE63-0E5E-4070-BD37-21B508A57B4A}"
EndProject
Project("{FAE04EC0-301F-11D3-BF4B-00C04F79EFBC}") = "203", "203\203.csproj", "{28FBFA27-6568-4118-A934-71870E15E811}"
EndProject
Project("{FAE04EC0-301F-11D3-BF4B-00C04F79EFBC}") = "204", "204\204.csproj", "{3FBCDBCB-5D14-4A4B-A265-5784800BC3BB}"
EndProject
Project("{FAE04EC0-301F-11D3-BF4B-00C04F79EFBC}") = "205", "205\205.csproj", "{B4F88BB1-4BF4-429C-8838-30EF41FEC4E7}"
EndProject
Project("{FAE04EC0-301F-11D3-BF4B-00C04F79EFBC}") = "206", "206\206.csproj", "{F6BB50DC-61DA-44F5-9617-5E7FD623F5C7}"
EndProject
Project("{FAE04EC0-301F-11D3-BF4B-00C04F79EFBC}") = "207", "207\207.csproj", "{1C943153-54AB-4258-BD26-164289972B16}"
EndProject
Project("{FAE04EC0-301F-11D3-BF4B-00C04F79EFBC}") = "208", "208\208.csproj", "{2B3C63E0-4813-409C-9C7F-0D5ECEC148EF}"
EndProject
Project("{FAE04EC0-301F-11D3-BF4B-00C04F79EFBC}") = "209", "209\209.csproj", "{F0CECF5B-9640-4B4C-ADE5-C21AC89426AA}"
EndProject
Project("{FAE04EC0-301F-11D3-BF4B-00C04F79EFBC}") = "210", "210\210.csproj", "{78E4D6BC-31F3-4FDE-9CCC-4B73F42E0F1E}"
EndProject
Project("{FAE04EC0-301F-11D3-BF4B-00C04F79EFBC}") = "301", "301\301.csproj", "{2B0C25F7-1EBB-46E2-90BC-319CB021FD24}"
EndProject
Project("{FAE04EC0-301F-11D3-BF4B-00C04F79EFBC}") = "302", "302\302.csproj", "{A0FB52D4-E5B1-479B-82CB-749CEC78ED58}"
EndProject
Project("{FAE04EC0-301F-11D3-BF4B-00C04F79EFBC}") = "303", "303\303.csproj", "{B0F908BA-3F7A-46D1-8EA6-18443DE4AAC6}"
EndProject
Project("{FAE04EC0-301F-11D3-BF4B-00C04F79EFBC}") = "304", "304\304.csproj", "{D35AAEB0-0DE8-4E38-BFEF-A43FCFF6F328}"
EndProject
Project("{FAE04EC0-301F-11D3-BF4B-00C04F79EFBC}") = "305", "305\305.csproj", "{35648E2B-3BCC-450C-8CEF-ABC2A4616D35}"
EndProject
Project("{FAE04EC0-301F-11D3-BF4B-00C04F79EFBC}") = "401", "401\401.csproj", "{C816DCD8-3654-4BAC-A204-0B1D94BEB115}"
EndProject
Project("{FAE04EC0-301F-11D3-BF4B-00C04F79EFBC}") = "402", "402\402.csproj", "{FD747F88-71B6-4D5C-82DA-06DC52883640}"
EndProject
Project("{FAE04EC0-301F-11D3-BF4B-00C04F79EFBC}") = "403", "403\403.csproj", "{2764B738-2C67-4F58-B2F5-9953FC72B6AC}"
EndProject
Project("{FAE04EC0-301F-11D3-BF4B-00C04F79EFBC}") = "404", "404\404.csproj", "{09E5CFC6-AEB1-48F9-83F5-9C5280A5AA49}"
EndProject
Project("{FAE04EC0-301F-11D3-BF4B-00C04F79EFBC}") = "405", "405\405.csproj", "{D9DDB299-91F9-4C15-B2B6-74AD9278F5EC}"
EndProject
Global
	GlobalSection(SolutionConfigurationPlatforms) = preSolution
		Debug|Any CPU = Debug|Any CPU
		Release|Any CPU = Release|Any CPU
	EndGlobalSection
	GlobalSection(ProjectConfigurationPlatforms) = postSolution
		{89AE158B-292F-4AEE-9E17-A861407B0C0D}.Debug|Any CPU.ActiveCfg = Debug|Any CPU
		{89AE158B-292F-4AEE-9E17-A861407B0C0D}.Debug|Any CPU.Build.0 = Debug|Any CPU
		{89AE158B-292F-4AEE-9E17-A861407B0C0D}.Release|Any CPU.ActiveCfg = Release|Any CPU
		{89AE158B-292F-4AEE-9E17-A861407B0C0D}.Release|Any CPU.Build.0 = Release|Any CPU
		{2D83388D-5DF2-4B72-A416-359149268665}.Debug|Any CPU.ActiveCfg = Debug|Any CPU
		{2D83388D-5DF2-4B72-A416-359149268665}.Debug|Any CPU.Build.0 = Debug|Any CPU
		{2D83388D-5DF2-4B72-A416-359149268665}.Release|Any CPU.ActiveCfg = Release|Any CPU
		{2D83388D-5DF2-4B72-A416-359149268665}.Release|Any CPU.Build.0 = Release|Any CPU
		{7842A34D-F23C-42B3-AB26-7BEEE5C86526}.Debug|Any CPU.ActiveCfg = Debug|Any CPU
		{7842A34D-F23C-42B3-AB26-7BEEE5C86526}.Debug|Any CPU.Build.0 = Debug|Any CPU
		{7842A34D-F23C-42B3-AB26-7BEEE5C86526}.Release|Any CPU.ActiveCfg = Release|Any CPU
		{7842A34D-F23C-42B3-AB26-7BEEE5C86526}.Release|Any CPU.Build.0 = Release|Any CPU
		{8B7096F2-C0F9-4D9C-BAB1-717CA883E75A}.Debug|Any CPU.ActiveCfg = Debug|Any CPU
		{8B7096F2-C0F9-4D9C-BAB1-717CA883E75A}.Debug|Any CPU.Build.0 = Debug|Any CPU
		{8B7096F2-C0F9-4D9C-BAB1-717CA883E75A}.Release|Any CPU.ActiveCfg = Release|Any CPU
		{8B7096F2-C0F9-4D9C-BAB1-717CA883E75A}.Release|Any CPU.Build.0 = Release|Any CPU
		{1113FBB1-243E-4A23-BD43-8CE1C4FE1B49}.Debug|Any CPU.ActiveCfg = Debug|Any CPU
		{1113FBB1-243E-4A23-BD43-8CE1C4FE1B49}.Debug|Any CPU.Build.0 = Debug|Any CPU
		{1113FBB1-243E-4A23-BD43-8CE1C4FE1B49}.Release|Any CPU.ActiveCfg = Release|Any CPU
		{1113FBB1-243E-4A23-BD43-8CE1C4FE1B49}.Release|Any CPU.Build.0 = Release|Any CPU
		{FE440DCA-B591-47B3-B85D-122E2D90A6B5}.Debug|Any CPU.ActiveCfg = Debug|Any CPU
		{FE440DCA-B591-47B3-B85D-122E2D90A6B5}.Debug|Any CPU.Build.0 = Debug|Any CPU
		{FE440DCA-B591-47B3-B85D-122E2D90A6B5}.Release|Any CPU.ActiveCfg = Release|Any CPU
		{FE440DCA-B591-47B3-B85D-122E2D90A6B5}.Release|Any CPU.Build.0 = Release|Any CPU
		{AA4208C5-980D-4747-8434-CB2FCDADD7A3}.Debug|Any CPU.ActiveCfg = Debug|Any CPU
		{AA4208C5-980D-4747-8434-CB2FCDADD7A3}.Debug|Any CPU.Build.0 = Debug|Any CPU
		{AA4208C5-980D-4747-8434-CB2FCDADD7A3}.Release|Any CPU.ActiveCfg = Release|Any CPU
		{AA4208C5-980D-4747-8434-CB2FCDADD7A3}.Release|Any CPU.Build.0 = Release|Any CPU
		{E2AF2E53-FBED-4805-98CB-14027DBADE0F}.Debug|Any CPU.ActiveCfg = Debug|Any CPU
		{E2AF2E53-FBED-4805-98CB-14027DBADE0F}.Debug|Any CPU.Build.0 = Debug|Any CPU
		{E2AF2E53-FBED-4805-98CB-14027DBADE0F}.Release|Any CPU.ActiveCfg = Release|Any CPU
		{E2AF2E53-FBED-4805-98CB-14027DBADE0F}.Release|Any CPU.Build.0 = Release|Any CPU
		{044649E2-A630-4720-A517-A577287D5639}.Debug|Any CPU.ActiveCfg = Debug|Any CPU
		{044649E2-A630-4720-A517-A577287D5639}.Debug|Any CPU.Build.0 = Debug|Any CPU
		{044649E2-A630-4720-A517-A577287D5639}.Release|Any CPU.ActiveCfg = Release|Any CPU
		{044649E2-A630-4720-A517-A577287D5639}.Release|Any CPU.Build.0 = Release|Any CPU
		{1B9D184E-46F0-4B0E-BA1D-43103141E7DE}.Debug|Any CPU.ActiveCfg = Debug|Any CPU
		{1B9D184E-46F0-4B0E-BA1D-43103141E7DE}.Debug|Any CPU.Build.0 = Debug|Any CPU
		{1B9D184E-46F0-4B0E-BA1D-43103141E7DE}.Release|Any CPU.ActiveCfg = Release|Any CPU
		{1B9D184E-46F0-4B0E-BA1D-43103141E7DE}.Release|Any CPU.Build.0 = Release|Any CPU
		{D26B221D-5FB5-4C2D-B066-83FF9C82BF0D}.Debug|Any CPU.ActiveCfg = Debug|Any CPU
		{D26B221D-5FB5-4C2D-B066-83FF9C82BF0D}.Debug|Any CPU.Build.0 = Debug|Any CPU
		{D26B221D-5FB5-4C2D-B066-83FF9C82BF0D}.Release|Any CPU.ActiveCfg = Release|Any CPU
		{D26B221D-5FB5-4C2D-B066-83FF9C82BF0D}.Release|Any CPU.Build.0 = Release|Any CPU
		{F77A4E4D-7C83-47FC-86B8-CB59FA816DB5}.Debug|Any CPU.ActiveCfg = Debug|Any CPU
		{F77A4E4D-7C83-47FC-86B8-CB59FA816DB5}.Debug|Any CPU.Build.0 = Debug|Any CPU
		{F77A4E4D-7C83-47FC-86B8-CB59FA816DB5}.Release|Any CPU.ActiveCfg = Release|Any CPU
		{F77A4E4D-7C83-47FC-86B8-CB59FA816DB5}.Release|Any CPU.Build.0 = Release|Any CPU
		{D610E502-0A65-49E3-84C6-43BEB8D810E4}.Debug|Any CPU.ActiveCfg = Debug|Any CPU
		{D610E502-0A65-49E3-84C6-43BEB8D810E4}.Debug|Any CPU.Build.0 = Debug|Any CPU
		{D610E502-0A65-49E3-84C6-43BEB8D810E4}.Release|Any CPU.ActiveCfg = Release|Any CPU
		{D610E502-0A65-49E3-84C6-43BEB8D810E4}.Release|Any CPU.Build.0 = Release|Any CPU
		{E62C62F6-A202-41D4-ABD2-E73047A10D1E}.Debug|Any CPU.ActiveCfg = Debug|Any CPU
		{E62C62F6-A202-41D4-ABD2-E73047A10D1E}.Debug|Any CPU.Build.0 = Debug|Any CPU
		{E62C62F6-A202-41D4-ABD2-E73047A10D1E}.Release|Any CPU.ActiveCfg = Release|Any CPU
		{E62C62F6-A202-41D4-ABD2-E73047A10D1E}.Release|Any CPU.Build.0 = Release|Any CPU
		{E71AAE63-0E5E-4070-BD37-21B508A57B4A}.Debug|Any CPU.ActiveCfg = Debug|Any CPU
		{E71AAE63-0E5E-4070-BD37-21B508A57B4A}.Debug|Any CPU.Build.0 = Debug|Any CPU
		{E71AAE63-0E5E-4070-BD37-21B508A57B4A}.Release|Any CPU.ActiveCfg = Release|Any CPU
		{E71AAE63-0E5E-4070-BD37-21B508A57B4A}.Release|Any CPU.Build.0 = Release|Any CPU
		{28FBFA27-6568-4118-A934-71870E15E811}.Debug|Any CPU.ActiveCfg = Debug|Any CPU
		{28FBFA27-6568-4118-A934-71870E15E811}.Debug|Any CPU.Build.0 = Debug|Any CPU
		{28FBFA27-6568-4118-A934-71870E15E811}.Release|Any CPU.ActiveCfg = Release|Any CPU
		{28FBFA27-6568-4118-A934-71870E15E811}.Release|Any CPU.Build.0 = Release|Any CPU
		{3FBCDBCB-5D14-4A4B-A265-5784800BC3BB}.Debug|Any CPU.ActiveCfg = Debug|Any CPU
		{3FBCDBCB-5D14-4A4B-A265-5784800BC3BB}.Debug|Any CPU.Build.0 = Debug|Any CPU
		{3FBCDBCB-5D14-4A4B-A265-5784800BC3BB}.Release|Any CPU.ActiveCfg = Release|Any CPU
		{3FBCDBCB-5D14-4A4B-A265-5784800BC3BB}.Release|Any CPU.Build.0 = Release|Any CPU
		{B4F88BB1-4BF4-429C-8838-30EF41FEC4E7}.Debug|Any CPU.ActiveCfg = Debug|Any CPU
		{B4F88BB1-4BF4-429C-8838-30EF41FEC4E7}.Debug|Any CPU.Build.0 = Debug|Any CPU
		{B4F88BB1-4BF4-429C-8838-30EF41FEC4E7}.Release|Any CPU.ActiveCfg = Release|Any CPU
		{B4F88BB1-4BF4-429C-8838-30EF41FEC4E7}.Release|Any CPU.Build.0 = Release|Any CPU
		{F6BB50DC-61DA-44F5-9617-5E7FD623F5C7}.Debug|Any CPU.ActiveCfg = Debug|Any CPU
		{F6BB50DC-61DA-44F5-9617-5E7FD623F5C7}.Debug|Any CPU.Build.0 = Debug|Any CPU
		{F6BB50DC-61DA-44F5-9617-5E7FD623F5C7}.Release|Any CPU.ActiveCfg = Release|Any CPU
		{F6BB50DC-61DA-44F5-9617-5E7FD623F5C7}.Release|Any CPU.Build.0 = Release|Any CPU
		{1C943153-54AB-4258-BD26-164289972B16}.Debug|Any CPU.ActiveCfg = Debug|Any CPU
		{1C943153-54AB-4258-BD26-164289972B16}.Debug|Any CPU.Build.0 = Debug|Any CPU
		{1C943153-54AB-4258-BD26-164289972B16}.Release|Any CPU.ActiveCfg = Release|Any CPU
		{1C943153-54AB-4258-BD26-164289972B16}.Release|Any CPU.Build.0 = Release|Any CPU
		{2B3C63E0-4813-409C-9C7F-0D5ECEC148EF}.Debug|Any CPU.ActiveCfg = Debug|Any CPU
		{2B3C63E0-4813-409C-9C7F-0D5ECEC148EF}.Debug|Any CPU.Build.0 = Debug|Any CPU
		{2B3C63E0-4813-409C-9C7F-0D5ECEC148EF}.Release|Any CPU.ActiveCfg = Release|Any CPU
		{2B3C63E0-4813-409C-9C7F-0D5ECEC148EF}.Release|Any CPU.Build.0 = Release|Any CPU
		{F0CECF5B-9640-4B4C-ADE5-C21AC89426AA}.Debug|Any CPU.ActiveCfg = Debug|Any CPU
		{F0CECF5B-9640-4B4C-ADE5-C21AC89426AA}.Debug|Any CPU.Build.0 = Debug|Any CPU
		{F0CECF5B-9640-4B4C-ADE5-C21AC89426AA}.Release|Any CPU.ActiveCfg = Release|Any CPU
		{F0CECF5B-9640-4B4C-ADE5-C21AC89426AA}.Release|Any CPU.Build.0 = Release|Any CPU
		{78E4D6BC-31F3-4FDE-9CCC-4B73F42E0F1E}.Debug|Any CPU.ActiveCfg = Debug|Any CPU
		{78E4D6BC-31F3-4FDE-9CCC-4B73F42E0F1E}.Debug|Any CPU.Build.0 = Debug|Any CPU
		{78E4D6BC-31F3-4FDE-9CCC-4B73F42E0F1E}.Release|Any CPU.ActiveCfg = Release|Any CPU
		{78E4D6BC-31F3-4FDE-9CCC-4B73F42E0F1E}.Release|Any CPU.Build.0 = Release|Any CPU
		{2B0C25F7-1EBB-46E2-90BC-319CB021FD24}.Debug|Any CPU.ActiveCfg = Debug|Any CPU
		{2B0C25F7-1EBB-46E2-90BC-319CB021FD24}.Debug|Any CPU.Build.0 = Debug|Any CPU
		{2B0C25F7-1EBB-46E2-90BC-319CB021FD24}.Release|Any CPU.ActiveCfg = Release|Any CPU
		{2B0C25F7-1EBB-46E2-90BC-319CB021FD24}.Release|Any CPU.Build.0 = Release|Any CPU
		{A0FB52D4-E5B1-479B-82CB-749CEC78ED58}.Debug|Any CPU.ActiveCfg = Debug|Any CPU
		{A0FB52D4-E5B1-479B-82CB-749CEC78ED58}.Debug|Any CPU.Build.0 = Debug|Any CPU
		{A0FB52D4-E5B1-479B-82CB-749CEC78ED58}.Release|Any CPU.ActiveCfg = Release|Any CPU
		{A0FB52D4-E5B1-479B-82CB-749CEC78ED58}.Release|Any CPU.Build.0 = Release|Any CPU
		{B0F908BA-3F7A-46D1-8EA6-18443DE4AAC6}.Debug|Any CPU.ActiveCfg = Debug|Any CPU
		{B0F908BA-3F7A-46D1-8EA6-18443DE4AAC6}.Debug|Any CPU.Build.0 = Debug|Any CPU
		{B0F908BA-3F7A-46D1-8EA6-18443DE4AAC6}.Release|Any CPU.ActiveCfg = Release|Any CPU
		{B0F908BA-3F7A-46D1-8EA6-18443DE4AAC6}.Release|Any CPU.Build.0 = Release|Any CPU
		{D35AAEB0-0DE8-4E38-BFEF-A43FCFF6F328}.Debug|Any CPU.ActiveCfg = Debug|Any CPU
		{D35AAEB0-0DE8-4E38-BFEF-A43FCFF6F328}.Debug|Any CPU.Build.0 = Debug|Any CPU
		{D35AAEB0-0DE8-4E38-BFEF-A43FCFF6F328}.Release|Any CPU.ActiveCfg = Release|Any CPU
		{D35AAEB0-0DE8-4E38-BFEF-A43FCFF6F328}.Release|Any CPU.Build.0 = Release|Any CPU
		{35648E2B-3BCC-450C-8CEF-ABC2A4616D35}.Debug|Any CPU.ActiveCfg = Debug|Any CPU
		{35648E2B-3BCC-450C-8CEF-ABC2A4616D35}.Debug|Any CPU.Build.0 = Debug|Any CPU
		{35648E2B-3BCC-450C-8CEF-ABC2A4616D35}.Release|Any CPU.ActiveCfg = Release|Any CPU
		{35648E2B-3BCC-450C-8CEF-ABC2A4616D35}.Release|Any CPU.Build.0 = Release|Any CPU
		{C816DCD8-3654-4BAC-A204-0B1D94BEB115}.Debug|Any CPU.ActiveCfg = Debug|Any CPU
		{C816DCD8-3654-4BAC-A204-0B1D94BEB115}.Debug|Any CPU.Build.0 = Debug|Any CPU
		{C816DCD8-3654-4BAC-A204-0B1D94BEB115}.Release|Any CPU.ActiveCfg = Release|Any CPU
		{C816DCD8-3654-4BAC-A204-0B1D94BEB115}.Release|Any CPU.Build.0 = Release|Any CPU
		{FD747F88-71B6-4D5C-82DA-06DC52883640}.Debug|Any CPU.ActiveCfg = Debug|Any CPU
		{FD747F88-71B6-4D5C-82DA-06DC52883640}.Debug|Any CPU.Build.0 = Debug|Any CPU
		{FD747F88-71B6-4D5C-82DA-06DC52883640}.Release|Any CPU.ActiveCfg = Release|Any CPU
		{FD747F88-71B6-4D5C-82DA-06DC52883640}.Release|Any CPU.Build.0 = Release|Any CPU
		{2764B738-2C67-4F58-B2F5-9953FC72B6AC}.Debug|Any CPU.ActiveCfg = Debug|Any CPU
		{2764B738-2C67-4F58-B2F5-9953FC72B6AC}.Debug|Any CPU.Build.0 = Debug|Any CPU
		{2764B738-2C67-4F58-B2F5-9953FC72B6AC}.Release|Any CPU.ActiveCfg = Release|Any CPU
		{2764B738-2C67-4F58-B2F5-9953FC72B6AC}.Release|Any CPU.Build.0 = Release|Any CPU
		{09E5CFC6-AEB1-48F9-83F5-9C5280A5AA49}.Debug|Any CPU.ActiveCfg = Debug|Any CPU
		{09E5CFC6-AEB1-48F9-83F5-9C5280A5AA49}.Debug|Any CPU.Build.0 = Debug|Any CPU
		{09E5CFC6-AEB1-48F9-83F5-9C5280A5AA49}.Release|Any CPU.ActiveCfg = Release|Any CPU
		{09E5CFC6-AEB1-48F9-83F5-9C5280A5AA49}.Release|Any CPU.Build.0 = Release|Any CPU
		{D9DDB299-91F9-4C15-B2B6-74AD9278F5EC}.Debug|Any CPU.ActiveCfg = Debug|Any CPU
		{D9DDB299-91F9-4C15-B2B6-74AD9278F5EC}.Debug|Any CPU.Build.0 = Debug|Any CPU
		{D9DDB299-91F9-4C15-B2B6-74AD9278F5EC}.Release|Any CPU.ActiveCfg = Release|Any CPU
		{D9DDB299-91F9-4C15-B2B6-74AD9278F5EC}.Release|Any CPU.Build.0 = Release|Any CPU
	EndGlobalSection
	GlobalSection(SolutionProperties) = preSolution
		HideSolutionNode = FALSE
	EndGlobalSection
	GlobalSection(ExtensibilityGlobals) = postSolution
		SolutionGuid = {701FFD90-A62D-4097-BDAA-DA4CF687749B}
	EndGlobalSection
EndGlobal
